
Microsoft Visual Studio Solution File, Format Version 12.00
# Visual Studio Version 17
VisualStudioVersion = 17.0.31903.59
MinimumVisualStudioVersion = 10.0.40219.1
Project("{FAE04EC0-301F-11D3-BF4B-00C04F79EFBC}") = "Law4Hire.Core", "Law4Hire.Core\Law4Hire.Core.csproj", "{1A3110AA-C275-4D23-9E92-982E4298AFB7}"
EndProject
Project("{FAE04EC0-301F-11D3-BF4B-00C04F79EFBC}") = "Law4Hire.Infrastructure", "Law4Hire.Infrastructure\Law4Hire.Infrastructure.csproj", "{3CB04D4D-469A-4B93-ABF0-EE4FA51A81F8}"
	ProjectSection(ProjectDependencies) = postProject
		{1A3110AA-C275-4D23-9E92-982E4298AFB7} = {1A3110AA-C275-4D23-9E92-982E4298AFB7}
	EndProjectSection
EndProject
Project("{FAE04EC0-301F-11D3-BF4B-00C04F79EFBC}") = "Law4Hire.Application", "Law4Hire.Application\Law4Hire.Application.csproj", "{D6E65708-7DD9-419A-9531-C3DB090FB43E}"
	ProjectSection(ProjectDependencies) = postProject
		{1A3110AA-C275-4D23-9E92-982E4298AFB7} = {1A3110AA-C275-4D23-9E92-982E4298AFB7}
		{3CB04D4D-469A-4B93-ABF0-EE4FA51A81F8} = {3CB04D4D-469A-4B93-ABF0-EE4FA51A81F8}
	EndProjectSection
EndProject
Project("{FAE04EC0-301F-11D3-BF4B-00C04F79EFBC}") = "Law4Hire.API", "Law4Hire.API\Law4Hire.API.csproj", "{A5AFA564-7E2D-4FC2-90AB-6E22258931EC}"
	ProjectSection(ProjectDependencies) = postProject
		{1A3110AA-C275-4D23-9E92-982E4298AFB7} = {1A3110AA-C275-4D23-9E92-982E4298AFB7}
		{3CB04D4D-469A-4B93-ABF0-EE4FA51A81F8} = {3CB04D4D-469A-4B93-ABF0-EE4FA51A81F8}
		{BB9762FD-6487-41E5-85C5-BC70F3CE0596} = {BB9762FD-6487-41E5-85C5-BC70F3CE0596}
		{D6E65708-7DD9-419A-9531-C3DB090FB43E} = {D6E65708-7DD9-419A-9531-C3DB090FB43E}
	EndProjectSection
EndProject
Project("{FAE04EC0-301F-11D3-BF4B-00C04F79EFBC}") = "Law4Hire.Web", "Law4Hire.Web\Law4Hire.Web.csproj", "{FFAFED27-A673-4DCE-B671-F7D267CA5D15}"
	ProjectSection(ProjectDependencies) = postProject
		{1A3110AA-C275-4D23-9E92-982E4298AFB7} = {1A3110AA-C275-4D23-9E92-982E4298AFB7}
		{BB9762FD-6487-41E5-85C5-BC70F3CE0596} = {BB9762FD-6487-41E5-85C5-BC70F3CE0596}
		{D6E65708-7DD9-419A-9531-C3DB090FB43E} = {D6E65708-7DD9-419A-9531-C3DB090FB43E}
	EndProjectSection
EndProject
Project("{FAE04EC0-301F-11D3-BF4B-00C04F79EFBC}") = "Law4Hire.Mobile", "Law4Hire.Mobile\Law4Hire.Mobile.csproj", "{8EDE2159-A56C-48EC-BB5F-70309524D703}"
	ProjectSection(ProjectDependencies) = postProject
		{1A3110AA-C275-4D23-9E92-982E4298AFB7} = {1A3110AA-C275-4D23-9E92-982E4298AFB7}
		{BB9762FD-6487-41E5-85C5-BC70F3CE0596} = {BB9762FD-6487-41E5-85C5-BC70F3CE0596}
		{D6E65708-7DD9-419A-9531-C3DB090FB43E} = {D6E65708-7DD9-419A-9531-C3DB090FB43E}
	EndProjectSection
EndProject
Project("{FAE04EC0-301F-11D3-BF4B-00C04F79EFBC}") = "Law4Hire.Shared", "Law4Hire.Shared\Law4Hire.Shared.csproj", "{BB9762FD-6487-41E5-85C5-BC70F3CE0596}"
	ProjectSection(ProjectDependencies) = postProject
		{1A3110AA-C275-4D23-9E92-982E4298AFB7} = {1A3110AA-C275-4D23-9E92-982E4298AFB7}
	EndProjectSection
EndProject
Project("{2150E333-8FDC-42A3-9474-1A3956D46DE8}") = "tests", "tests", "{0AB3BF05-4346-4AA6-1389-037BE0695223}"
EndProject
Project("{FAE04EC0-301F-11D3-BF4B-00C04F79EFBC}") = "Law4Hire.UnitTests", "tests\Law4Hire.UnitTests\Law4Hire.UnitTests.csproj", "{E8059787-EB81-4C2C-8E39-F4BAE8CBBE02}"
	ProjectSection(ProjectDependencies) = postProject
		{1A3110AA-C275-4D23-9E92-982E4298AFB7} = {1A3110AA-C275-4D23-9E92-982E4298AFB7}
		{3CB04D4D-469A-4B93-ABF0-EE4FA51A81F8} = {3CB04D4D-469A-4B93-ABF0-EE4FA51A81F8}
		{D6E65708-7DD9-419A-9531-C3DB090FB43E} = {D6E65708-7DD9-419A-9531-C3DB090FB43E}
	EndProjectSection
EndProject
Project("{FAE04EC0-301F-11D3-BF4B-00C04F79EFBC}") = "Law4Hire.IntegrationTests", "tests\Law4Hire.IntegrationTests\Law4Hire.IntegrationTests.csproj", "{A234D83E-BDDB-4FDD-A1AC-56E01C15EF6D}"
	ProjectSection(ProjectDependencies) = postProject
		{1A3110AA-C275-4D23-9E92-982E4298AFB7} = {1A3110AA-C275-4D23-9E92-982E4298AFB7}
		{3CB04D4D-469A-4B93-ABF0-EE4FA51A81F8} = {3CB04D4D-469A-4B93-ABF0-EE4FA51A81F8}
		{A5AFA564-7E2D-4FC2-90AB-6E22258931EC} = {A5AFA564-7E2D-4FC2-90AB-6E22258931EC}
		{D6E65708-7DD9-419A-9531-C3DB090FB43E} = {D6E65708-7DD9-419A-9531-C3DB090FB43E}
	EndProjectSection
EndProject
Project("{FAE04EC0-301F-11D3-BF4B-00C04F79EFBC}") = "Law4Hire.E2ETests", "tests\Law4Hire.E2ETests\Law4Hire.E2ETests.csproj", "{EC261385-536C-4A06-8262-E5EE0B2601D1}"
	ProjectSection(ProjectDependencies) = postProject
		{1A3110AA-C275-4D23-9E92-982E4298AFB7} = {1A3110AA-C275-4D23-9E92-982E4298AFB7}
		{8EDE2159-A56C-48EC-BB5F-70309524D703} = {8EDE2159-A56C-48EC-BB5F-70309524D703}
		{A5AFA564-7E2D-4FC2-90AB-6E22258931EC} = {A5AFA564-7E2D-4FC2-90AB-6E22258931EC}
		{FFAFED27-A673-4DCE-B671-F7D267CA5D15} = {FFAFED27-A673-4DCE-B671-F7D267CA5D15}
	EndProjectSection
EndProject
Project("{FAE04EC0-301F-11D3-BF4B-00C04F79EFBC}") = "Law4Hire.Scraper", "Law4Hire.Scraper\Law4Hire.Scraper.csproj", "{C95A3D2C-D3A6-4F88-A489-92A85AA5309C}"
EndProject
Global
	GlobalSection(SolutionConfigurationPlatforms) = preSolution
		Debug|Any CPU = Debug|Any CPU
		Debug|x64 = Debug|x64
		Debug|x86 = Debug|x86
		Release|Any CPU = Release|Any CPU
		Release|x64 = Release|x64
		Release|x86 = Release|x86
	EndGlobalSection
	GlobalSection(ProjectConfigurationPlatforms) = postSolution
		{1A3110AA-C275-4D23-9E92-982E4298AFB7}.Debug|Any CPU.ActiveCfg = Debug|Any CPU
		{1A3110AA-C275-4D23-9E92-982E4298AFB7}.Debug|Any CPU.Build.0 = Debug|Any CPU
		{1A3110AA-C275-4D23-9E92-982E4298AFB7}.Debug|x64.ActiveCfg = Debug|Any CPU
		{1A3110AA-C275-4D23-9E92-982E4298AFB7}.Debug|x64.Build.0 = Debug|Any CPU
		{1A3110AA-C275-4D23-9E92-982E4298AFB7}.Debug|x86.ActiveCfg = Debug|Any CPU
		{1A3110AA-C275-4D23-9E92-982E4298AFB7}.Debug|x86.Build.0 = Debug|Any CPU
		{1A3110AA-C275-4D23-9E92-982E4298AFB7}.Release|Any CPU.ActiveCfg = Release|Any CPU
		{1A3110AA-C275-4D23-9E92-982E4298AFB7}.Release|Any CPU.Build.0 = Release|Any CPU
		{1A3110AA-C275-4D23-9E92-982E4298AFB7}.Release|x64.ActiveCfg = Release|Any CPU
		{1A3110AA-C275-4D23-9E92-982E4298AFB7}.Release|x64.Build.0 = Release|Any CPU
		{1A3110AA-C275-4D23-9E92-982E4298AFB7}.Release|x86.ActiveCfg = Release|Any CPU
		{1A3110AA-C275-4D23-9E92-982E4298AFB7}.Release|x86.Build.0 = Release|Any CPU
		{3CB04D4D-469A-4B93-ABF0-EE4FA51A81F8}.Debug|Any CPU.ActiveCfg = Debug|Any CPU
		{3CB04D4D-469A-4B93-ABF0-EE4FA51A81F8}.Debug|Any CPU.Build.0 = Debug|Any CPU
		{3CB04D4D-469A-4B93-ABF0-EE4FA51A81F8}.Debug|x64.ActiveCfg = Debug|Any CPU
		{3CB04D4D-469A-4B93-ABF0-EE4FA51A81F8}.Debug|x64.Build.0 = Debug|Any CPU
		{3CB04D4D-469A-4B93-ABF0-EE4FA51A81F8}.Debug|x86.ActiveCfg = Debug|Any CPU
		{3CB04D4D-469A-4B93-ABF0-EE4FA51A81F8}.Debug|x86.Build.0 = Debug|Any CPU
		{3CB04D4D-469A-4B93-ABF0-EE4FA51A81F8}.Release|Any CPU.ActiveCfg = Release|Any CPU
		{3CB04D4D-469A-4B93-ABF0-EE4FA51A81F8}.Release|Any CPU.Build.0 = Release|Any CPU
		{3CB04D4D-469A-4B93-ABF0-EE4FA51A81F8}.Release|x64.ActiveCfg = Release|Any CPU
		{3CB04D4D-469A-4B93-ABF0-EE4FA51A81F8}.Release|x64.Build.0 = Release|Any CPU
		{3CB04D4D-469A-4B93-ABF0-EE4FA51A81F8}.Release|x86.ActiveCfg = Release|Any CPU
		{3CB04D4D-469A-4B93-ABF0-EE4FA51A81F8}.Release|x86.Build.0 = Release|Any CPU
		{D6E65708-7DD9-419A-9531-C3DB090FB43E}.Debug|Any CPU.ActiveCfg = Debug|Any CPU
		{D6E65708-7DD9-419A-9531-C3DB090FB43E}.Debug|Any CPU.Build.0 = Debug|Any CPU
		{D6E65708-7DD9-419A-9531-C3DB090FB43E}.Debug|x64.ActiveCfg = Debug|Any CPU
		{D6E65708-7DD9-419A-9531-C3DB090FB43E}.Debug|x64.Build.0 = Debug|Any CPU
		{D6E65708-7DD9-419A-9531-C3DB090FB43E}.Debug|x86.ActiveCfg = Debug|Any CPU
		{D6E65708-7DD9-419A-9531-C3DB090FB43E}.Debug|x86.Build.0 = Debug|Any CPU
		{D6E65708-7DD9-419A-9531-C3DB090FB43E}.Release|Any CPU.ActiveCfg = Release|Any CPU
		{D6E65708-7DD9-419A-9531-C3DB090FB43E}.Release|Any CPU.Build.0 = Release|Any CPU
		{D6E65708-7DD9-419A-9531-C3DB090FB43E}.Release|x64.ActiveCfg = Release|Any CPU
		{D6E65708-7DD9-419A-9531-C3DB090FB43E}.Release|x64.Build.0 = Release|Any CPU
		{D6E65708-7DD9-419A-9531-C3DB090FB43E}.Release|x86.ActiveCfg = Release|Any CPU
		{D6E65708-7DD9-419A-9531-C3DB090FB43E}.Release|x86.Build.0 = Release|Any CPU
		{A5AFA564-7E2D-4FC2-90AB-6E22258931EC}.Debug|Any CPU.ActiveCfg = Debug|Any CPU
		{A5AFA564-7E2D-4FC2-90AB-6E22258931EC}.Debug|Any CPU.Build.0 = Debug|Any CPU
		{A5AFA564-7E2D-4FC2-90AB-6E22258931EC}.Debug|x64.ActiveCfg = Debug|Any CPU
		{A5AFA564-7E2D-4FC2-90AB-6E22258931EC}.Debug|x64.Build.0 = Debug|Any CPU
		{A5AFA564-7E2D-4FC2-90AB-6E22258931EC}.Debug|x86.ActiveCfg = Debug|Any CPU
		{A5AFA564-7E2D-4FC2-90AB-6E22258931EC}.Debug|x86.Build.0 = Debug|Any CPU
		{A5AFA564-7E2D-4FC2-90AB-6E22258931EC}.Release|Any CPU.ActiveCfg = Release|Any CPU
		{A5AFA564-7E2D-4FC2-90AB-6E22258931EC}.Release|Any CPU.Build.0 = Release|Any CPU
		{A5AFA564-7E2D-4FC2-90AB-6E22258931EC}.Release|x64.ActiveCfg = Release|Any CPU
		{A5AFA564-7E2D-4FC2-90AB-6E22258931EC}.Release|x64.Build.0 = Release|Any CPU
		{A5AFA564-7E2D-4FC2-90AB-6E22258931EC}.Release|x86.ActiveCfg = Release|Any CPU
		{A5AFA564-7E2D-4FC2-90AB-6E22258931EC}.Release|x86.Build.0 = Release|Any CPU
		{FFAFED27-A673-4DCE-B671-F7D267CA5D15}.Debug|Any CPU.ActiveCfg = Debug|Any CPU
		{FFAFED27-A673-4DCE-B671-F7D267CA5D15}.Debug|Any CPU.Build.0 = Debug|Any CPU
		{FFAFED27-A673-4DCE-B671-F7D267CA5D15}.Debug|x64.ActiveCfg = Debug|Any CPU
		{FFAFED27-A673-4DCE-B671-F7D267CA5D15}.Debug|x64.Build.0 = Debug|Any CPU
		{FFAFED27-A673-4DCE-B671-F7D267CA5D15}.Debug|x86.ActiveCfg = Debug|Any CPU
		{FFAFED27-A673-4DCE-B671-F7D267CA5D15}.Debug|x86.Build.0 = Debug|Any CPU
		{FFAFED27-A673-4DCE-B671-F7D267CA5D15}.Release|Any CPU.ActiveCfg = Release|Any CPU
		{FFAFED27-A673-4DCE-B671-F7D267CA5D15}.Release|Any CPU.Build.0 = Release|Any CPU
		{FFAFED27-A673-4DCE-B671-F7D267CA5D15}.Release|x64.ActiveCfg = Release|Any CPU
		{FFAFED27-A673-4DCE-B671-F7D267CA5D15}.Release|x64.Build.0 = Release|Any CPU
		{FFAFED27-A673-4DCE-B671-F7D267CA5D15}.Release|x86.ActiveCfg = Release|Any CPU
		{FFAFED27-A673-4DCE-B671-F7D267CA5D15}.Release|x86.Build.0 = Release|Any CPU
		{8EDE2159-A56C-48EC-BB5F-70309524D703}.Debug|Any CPU.ActiveCfg = Debug|Any CPU
		{8EDE2159-A56C-48EC-BB5F-70309524D703}.Debug|Any CPU.Build.0 = Debug|Any CPU
		{8EDE2159-A56C-48EC-BB5F-70309524D703}.Debug|Any CPU.Deploy.0 = Debug|Any CPU
		{8EDE2159-A56C-48EC-BB5F-70309524D703}.Debug|x64.ActiveCfg = Debug|Any CPU
		{8EDE2159-A56C-48EC-BB5F-70309524D703}.Debug|x64.Build.0 = Debug|Any CPU
		{8EDE2159-A56C-48EC-BB5F-70309524D703}.Debug|x86.ActiveCfg = Debug|Any CPU
		{8EDE2159-A56C-48EC-BB5F-70309524D703}.Debug|x86.Build.0 = Debug|Any CPU
		{8EDE2159-A56C-48EC-BB5F-70309524D703}.Release|Any CPU.ActiveCfg = Release|Any CPU
		{8EDE2159-A56C-48EC-BB5F-70309524D703}.Release|Any CPU.Build.0 = Release|Any CPU
		{8EDE2159-A56C-48EC-BB5F-70309524D703}.Release|x64.ActiveCfg = Release|Any CPU
		{8EDE2159-A56C-48EC-BB5F-70309524D703}.Release|x64.Build.0 = Release|Any CPU
		{8EDE2159-A56C-48EC-BB5F-70309524D703}.Release|x86.ActiveCfg = Release|Any CPU
		{8EDE2159-A56C-48EC-BB5F-70309524D703}.Release|x86.Build.0 = Release|Any CPU
		{BB9762FD-6487-41E5-85C5-BC70F3CE0596}.Debug|Any CPU.ActiveCfg = Debug|Any CPU
		{BB9762FD-6487-41E5-85C5-BC70F3CE0596}.Debug|Any CPU.Build.0 = Debug|Any CPU
		{BB9762FD-6487-41E5-85C5-BC70F3CE0596}.Debug|x64.ActiveCfg = Debug|Any CPU
		{BB9762FD-6487-41E5-85C5-BC70F3CE0596}.Debug|x64.Build.0 = Debug|Any CPU
		{BB9762FD-6487-41E5-85C5-BC70F3CE0596}.Debug|x86.ActiveCfg = Debug|Any CPU
		{BB9762FD-6487-41E5-85C5-BC70F3CE0596}.Debug|x86.Build.0 = Debug|Any CPU
		{BB9762FD-6487-41E5-85C5-BC70F3CE0596}.Release|Any CPU.ActiveCfg = Release|Any CPU
		{BB9762FD-6487-41E5-85C5-BC70F3CE0596}.Release|Any CPU.Build.0 = Release|Any CPU
		{BB9762FD-6487-41E5-85C5-BC70F3CE0596}.Release|x64.ActiveCfg = Release|Any CPU
		{BB9762FD-6487-41E5-85C5-BC70F3CE0596}.Release|x64.Build.0 = Release|Any CPU
		{BB9762FD-6487-41E5-85C5-BC70F3CE0596}.Release|x86.ActiveCfg = Release|Any CPU
		{BB9762FD-6487-41E5-85C5-BC70F3CE0596}.Release|x86.Build.0 = Release|Any CPU
		{E8059787-EB81-4C2C-8E39-F4BAE8CBBE02}.Debug|Any CPU.ActiveCfg = Debug|Any CPU
		{E8059787-EB81-4C2C-8E39-F4BAE8CBBE02}.Debug|Any CPU.Build.0 = Debug|Any CPU
		{E8059787-EB81-4C2C-8E39-F4BAE8CBBE02}.Debug|x64.ActiveCfg = Debug|Any CPU
		{E8059787-EB81-4C2C-8E39-F4BAE8CBBE02}.Debug|x64.Build.0 = Debug|Any CPU
		{E8059787-EB81-4C2C-8E39-F4BAE8CBBE02}.Debug|x86.ActiveCfg = Debug|Any CPU
		{E8059787-EB81-4C2C-8E39-F4BAE8CBBE02}.Debug|x86.Build.0 = Debug|Any CPU
		{E8059787-EB81-4C2C-8E39-F4BAE8CBBE02}.Release|Any CPU.ActiveCfg = Release|Any CPU
		{E8059787-EB81-4C2C-8E39-F4BAE8CBBE02}.Release|Any CPU.Build.0 = Release|Any CPU
		{E8059787-EB81-4C2C-8E39-F4BAE8CBBE02}.Release|x64.ActiveCfg = Release|Any CPU
		{E8059787-EB81-4C2C-8E39-F4BAE8CBBE02}.Release|x64.Build.0 = Release|Any CPU
		{E8059787-EB81-4C2C-8E39-F4BAE8CBBE02}.Release|x86.ActiveCfg = Release|Any CPU
		{E8059787-EB81-4C2C-8E39-F4BAE8CBBE02}.Release|x86.Build.0 = Release|Any CPU
		{A234D83E-BDDB-4FDD-A1AC-56E01C15EF6D}.Debug|Any CPU.ActiveCfg = Debug|Any CPU
		{A234D83E-BDDB-4FDD-A1AC-56E01C15EF6D}.Debug|Any CPU.Build.0 = Debug|Any CPU
		{A234D83E-BDDB-4FDD-A1AC-56E01C15EF6D}.Debug|x64.ActiveCfg = Debug|Any CPU
		{A234D83E-BDDB-4FDD-A1AC-56E01C15EF6D}.Debug|x64.Build.0 = Debug|Any CPU
		{A234D83E-BDDB-4FDD-A1AC-56E01C15EF6D}.Debug|x86.ActiveCfg = Debug|Any CPU
		{A234D83E-BDDB-4FDD-A1AC-56E01C15EF6D}.Debug|x86.Build.0 = Debug|Any CPU
		{A234D83E-BDDB-4FDD-A1AC-56E01C15EF6D}.Release|Any CPU.ActiveCfg = Release|Any CPU
		{A234D83E-BDDB-4FDD-A1AC-56E01C15EF6D}.Release|Any CPU.Build.0 = Release|Any CPU
		{A234D83E-BDDB-4FDD-A1AC-56E01C15EF6D}.Release|x64.ActiveCfg = Release|Any CPU
		{A234D83E-BDDB-4FDD-A1AC-56E01C15EF6D}.Release|x64.Build.0 = Release|Any CPU
		{A234D83E-BDDB-4FDD-A1AC-56E01C15EF6D}.Release|x86.ActiveCfg = Release|Any CPU
		{A234D83E-BDDB-4FDD-A1AC-56E01C15EF6D}.Release|x86.Build.0 = Release|Any CPU
		{EC261385-536C-4A06-8262-E5EE0B2601D1}.Debug|Any CPU.ActiveCfg = Debug|Any CPU
		{EC261385-536C-4A06-8262-E5EE0B2601D1}.Debug|Any CPU.Build.0 = Debug|Any CPU
		{EC261385-536C-4A06-8262-E5EE0B2601D1}.Debug|x64.ActiveCfg = Debug|Any CPU
		{EC261385-536C-4A06-8262-E5EE0B2601D1}.Debug|x64.Build.0 = Debug|Any CPU
		{EC261385-536C-4A06-8262-E5EE0B2601D1}.Debug|x86.ActiveCfg = Debug|Any CPU
		{EC261385-536C-4A06-8262-E5EE0B2601D1}.Debug|x86.Build.0 = Debug|Any CPU
		{EC261385-536C-4A06-8262-E5EE0B2601D1}.Release|Any CPU.ActiveCfg = Release|Any CPU
		{EC261385-536C-4A06-8262-E5EE0B2601D1}.Release|Any CPU.Build.0 = Release|Any CPU
		{EC261385-536C-4A06-8262-E5EE0B2601D1}.Release|x64.ActiveCfg = Release|Any CPU
		{EC261385-536C-4A06-8262-E5EE0B2601D1}.Release|x64.Build.0 = Release|Any CPU
		{EC261385-536C-4A06-8262-E5EE0B2601D1}.Release|x86.ActiveCfg = Release|Any CPU
		{EC261385-536C-4A06-8262-E5EE0B2601D1}.Release|x86.Build.0 = Release|Any CPU
		{C95A3D2C-D3A6-4F88-A489-92A85AA5309C}.Debug|Any CPU.ActiveCfg = Debug|Any CPU
		{C95A3D2C-D3A6-4F88-A489-92A85AA5309C}.Debug|Any CPU.Build.0 = Debug|Any CPU
		{C95A3D2C-D3A6-4F88-A489-92A85AA5309C}.Debug|x64.ActiveCfg = Debug|Any CPU
		{C95A3D2C-D3A6-4F88-A489-92A85AA5309C}.Debug|x64.Build.0 = Debug|Any CPU
		{C95A3D2C-D3A6-4F88-A489-92A85AA5309C}.Debug|x86.ActiveCfg = Debug|Any CPU
		{C95A3D2C-D3A6-4F88-A489-92A85AA5309C}.Debug|x86.Build.0 = Debug|Any CPU
		{C95A3D2C-D3A6-4F88-A489-92A85AA5309C}.Release|Any CPU.ActiveCfg = Release|Any CPU
		{C95A3D2C-D3A6-4F88-A489-92A85AA5309C}.Release|Any CPU.Build.0 = Release|Any CPU
		{C95A3D2C-D3A6-4F88-A489-92A85AA5309C}.Release|x64.ActiveCfg = Release|Any CPU
		{C95A3D2C-D3A6-4F88-A489-92A85AA5309C}.Release|x64.Build.0 = Release|Any CPU
		{C95A3D2C-D3A6-4F88-A489-92A85AA5309C}.Release|x86.ActiveCfg = Release|Any CPU
		{C95A3D2C-D3A6-4F88-A489-92A85AA5309C}.Release|x86.Build.0 = Release|Any CPU
	EndGlobalSection
	GlobalSection(SolutionProperties) = preSolution
		HideSolutionNode = FALSE
	EndGlobalSection
	GlobalSection(NestedProjects) = preSolution
		{E8059787-EB81-4C2C-8E39-F4BAE8CBBE02} = {0AB3BF05-4346-4AA6-1389-037BE0695223}
		{A234D83E-BDDB-4FDD-A1AC-56E01C15EF6D} = {0AB3BF05-4346-4AA6-1389-037BE0695223}
		{EC261385-536C-4A06-8262-E5EE0B2601D1} = {0AB3BF05-4346-4AA6-1389-037BE0695223}
	EndGlobalSection
	GlobalSection(ExtensibilityGlobals) = postSolution
		SolutionGuid = {32D1A212-6EBA-4EDE-92B2-31D9874BF862}
	EndGlobalSection
EndGlobal
